// !$*UTF8*$!
//
// BadaVim.xcodeproj — embed the Bada vim into Xcode as an External Build System
// project.  Building the "BadaVim" target runs ../bada-vim, which builds the C
// receiver + class-method binaries and exposes the Bada-written vim; opening a
// *.bada file uses the bada.vim plugin for syntax / completion / :BadaRun.
//
// This is a minimal, hand-written pbxproj (Xcode's "External Build System"
// template). Open it with:  open BadaVim.xcodeproj
//
{
	archiveVersion = 1;
	classes = {
	};
	objectVersion = 50;
	objects = {

/* Begin PBXLegacyTarget section */
		BADA00000000000000000001 /* BadaVim */ = {
			isa = PBXLegacyTarget;
			buildArgumentsString = "build";
			buildConfigurationList = BADA00000000000000000010 /* Build configuration list for PBXLegacyTarget "BadaVim" */;
			buildPhases = (
			);
			buildToolPath = "$(SRCROOT)/bada-vim";
			buildWorkingDirectory = "$(SRCROOT)";
			dependencies = (
			);
			name = BadaVim;
			passBuildSettingsInEnvironment = 1;
			productName = BadaVim;
		};
/* End PBXLegacyTarget section */

/* Begin PBXProject section */
		BADA00000000000000000002 /* Project object */ = {
			isa = PBXProject;
			attributes = {
				LastUpgradeCheck = 1500;
			};
			buildConfigurationList = BADA00000000000000000011 /* Build configuration list for PBXProject "BadaVim" */;
			compatibilityVersion = "Xcode 9.3";
			developmentRegion = en;
			hasScannedForEncodings = 0;
			knownRegions = (
				en,
				Base,
			);
			mainGroup = BADA00000000000000000003;
			projectDirPath = "";
			projectRoot = "";
			targets = (
				BADA00000000000000000001 /* BadaVim */,
			);
		};
/* End PBXProject section */

/* Begin PBXGroup section */
		BADA00000000000000000003 = {
			isa = PBXGroup;
			children = (
				BADA00000000000000000004 /* bada-vim */,
				BADA00000000000000000005 /* bada.vim */,
				BADA00000000000000000006 /* README.md */,
			);
			sourceTree = "<group>";
		};
/* End PBXGroup section */

/* Begin PBXFileReference section */
		BADA00000000000000000004 /* bada-vim */ = {
			isa = PBXFileReference;
			lastKnownFileType = text.script.sh;
			path = "bada-vim";
			sourceTree = "<group>";
		};
		BADA00000000000000000005 /* bada.vim */ = {
			isa = PBXFileReference;
			lastKnownFileType = text;
			name = "bada.vim";
			path = "../bada.vim";
			sourceTree = "<group>";
		};
		BADA00000000000000000006 /* README.md */ = {
			isa = PBXFileReference;
			lastKnownFileType = net.daringfireball.markdown;
			path = README.md;
			sourceTree = "<group>";
		};
/* End PBXFileReference section */

/* Begin XCBuildConfiguration section */
		BADA00000000000000000020 /* Debug */ = {
			isa = XCBuildConfiguration;
			buildSettings = {
				PRODUCT_NAME = "$(TARGET_NAME)";
			};
			name = Debug;
		};
		BADA00000000000000000021 /* Release */ = {
			isa = XCBuildConfiguration;
			buildSettings = {
				PRODUCT_NAME = "$(TARGET_NAME)";
			};
			name = Release;
		};
		BADA00000000000000000022 /* Debug */ = {
			isa = XCBuildConfiguration;
			buildSettings = {
				OTHER_CFLAGS = "";
			};
			name = Debug;
		};
		BADA00000000000000000023 /* Release */ = {
			isa = XCBuildConfiguration;
			buildSettings = {
				OTHER_CFLAGS = "";
			};
			name = Release;
		};
/* End XCBuildConfiguration section */

/* Begin XCConfigurationList section */
		BADA00000000000000000010 /* Build configuration list for PBXLegacyTarget "BadaVim" */ = {
			isa = XCConfigurationList;
			buildConfigurations = (
				BADA00000000000000000020 /* Debug */,
				BADA00000000000000000021 /* Release */,
			);
			defaultConfigurationIsVisible = 0;
			defaultConfigurationName = Release;
		};
		BADA00000000000000000011 /* Build configuration list for PBXProject "BadaVim" */ = {
			isa = XCConfigurationList;
			buildConfigurations = (
				BADA00000000000000000022 /* Debug */,
				BADA00000000000000000023 /* Release */,
			);
			defaultConfigurationIsVisible = 0;
			defaultConfigurationName = Release;
		};
/* End XCConfigurationList section */
	};
	rootObject = BADA00000000000000000002 /* Project object */;
}
